
Microsoft Visual Studio Solution File, Format Version 12.00
# Visual Studio Version 16
VisualStudioVersion = 16.0.32802.440
MinimumVisualStudioVersion = 10.0.40219.1
Project("{FAE04EC0-301F-11D3-BF4B-00C04F79EFBC}") = "AppKantor", "AppKantor.csproj", "{CF88631E-7D83-4912-B54B-913EC5F73D48}"
EndProject
Global
	GlobalSection(SolutionConfigurationPlatforms) = preSolution
		Debug|Any CPU = Debug|Any CPU
		Release|Any CPU = Release|Any CPU
	EndGlobalSection
	GlobalSection(ProjectConfigurationPlatforms) = postSolution
		{CF88631E-7D83-4912-B54B-913EC5F73D48}.Debug|Any CPU.ActiveCfg = Debug|Any CPU
		{CF88631E-7D83-4912-B54B-913EC5F73D48}.Debug|Any CPU.Build.0 = Debug|Any CPU
		{CF88631E-7D83-4912-B54B-913EC5F73D48}.Release|Any CPU.ActiveCfg = Release|Any CPU
		{CF88631E-7D83-4912-B54B-913EC5F73D48}.Release|Any CPU.Build.0 = Release|Any CPU
	EndGlobalSection
	GlobalSection(SolutionProperties) = preSolution
		HideSolutionNode = FALSE
	EndGlobalSection
	GlobalSection(ExtensibilityGlobals) = postSolution
		SolutionGuid = {546D7CFE-2B90-47BB-ABE1-E41FC77876AC}
	EndGlobalSection
EndGlobal
